<?xml version="1.0" encoding="utf-8"?>
<Project ToolsVersion="4.0" xmlns="http://schemas.microsoft.com/developer/msbuild/2003">
  <ItemGroup>
    <Filter Include="Resource Files">
      <UniqueIdentifier>{67DA6AB6-F800-4c08-8B7A-83BB121AAD01}</UniqueIdentifier>
      <Extensions>rc;ico;cur;bmp;dlg;rc2;rct;bin;rgs;gif;jpg;jpeg;jpe;resx;tiff;tif;png;wav</Extensions>
    </Filter>
    <Filter Include="Headers">
      <UniqueIdentifier>{93995380-89BD-4b04-88EB-625FBE52EBFB}</UniqueIdentifier>
      <Extensions>h;hh;hpp;hxx;hm;inl;inc;xsd</Extensions>
    </Filter>
    <Filter Include="Headers\Memory">
      <UniqueIdentifier>{3c090064-7fef-4e3e-b6e4-94111dbc0a03}</UniqueIdentifier>
    </Filter>
    <Filter Include="Headers\Memory\Paging">
      <UniqueIdentifier>{236fa8ba-f8ec-40d5-a3b0-f0f0315f3d70}</UniqueIdentifier>
    </Filter>
    <Filter Include="Headers\Interrupts">
      <UniqueIdentifier>{690937da-a9e8-4f47-8b11-e139f6c4c571}</UniqueIdentifier>
    </Filter>
    <Filter Include="Source">
      <UniqueIdentifier>{4FC737F1-C7A5-4376-A066-2A32D752A2FF}</UniqueIdentifier>
      <Extensions>cpp;c;cc;cxx;def;odl;idl;hpj;bat;asm;asmx</Extensions>
    </Filter>
    <Filter Include="Source\Memory">
      <UniqueIdentifier>{2036a91e-7205-434b-8d53-3949faa2926c}</UniqueIdentifier>
    </Filter>
    <Filter Include="Source\Memory\Paging">
      <UniqueIdentifier>{b25d0253-53ce-4043-b07f-e4213dc375c9}</UniqueIdentifier>
    </Filter>
    <Filter Include="Source\Interrupts">
      <UniqueIdentifier>{c41e4361-48a1-4ec1-9253-7972dacc248a}</UniqueIdentifier>
    </Filter>
    <Filter Include="Headers\IO">
      <UniqueIdentifier>{245ff149-cabd-4403-a29c-00195695ebfc}</UniqueIdentifier>
    </Filter>
    <Filter Include="Source\IO">
      <UniqueIdentifier>{be3968fc-8d92-4ef5-b3cd-61c775d2b629}</UniqueIdentifier>
    </Filter>
  </ItemGroup>
  <ItemGroup>
    <ClCompile Include="KernelUtils.cpp">
      <Filter>Source</Filter>
    </ClCompile>
    <ClCompile Include="PrimitiveConsole.cpp">
      <Filter>Source</Filter>
    </ClCompile>
    <ClCompile Include="Globals.cpp">
      <Filter>Source</Filter>
    </ClCompile>
    <ClCompile Include="EFI.cpp">
      <Filter>Source</Filter>
    </ClCompile>
    <ClCompile Include="cstr.cpp">
      <Filter>Source</Filter>
    </ClCompile>
    <ClCompile Include="Main.cpp">
      <Filter>Source</Filter>
    </ClCompile>
    <ClCompile Include="BitMap.cpp">
      <Filter>Source</Filter>
    </ClCompile>
    <ClCompile Include="Memory\MemoryUtils.cpp">
      <Filter>Source\Memory</Filter>
    </ClCompile>
    <ClCompile Include="Memory\Memory.cpp">
      <Filter>Source\Memory</Filter>
    </ClCompile>
    <ClCompile Include="Memory\Paging.cpp">
      <Filter>Source\Memory\Paging</Filter>
    </ClCompile>
    <ClCompile Include="Memory\PageFrameAllocator.cpp">
      <Filter>Source\Memory\Paging</Filter>
    </ClCompile>
    <ClCompile Include="Memory\PageMapIndexer.cpp">
      <Filter>Source\Memory\Paging</Filter>
    </ClCompile>
    <ClCompile Include="Memory\PageTableManager.cpp">
      <Filter>Source\Memory\Paging</Filter>
    </ClCompile>
    <ClCompile Include="Interrupts\IDT.cpp">
      <Filter>Source\Interrupts</Filter>
    </ClCompile>
    <ClCompile Include="Interrupts\Interrupts.cpp">
      <Filter>Source\Interrupts</Filter>
    </ClCompile>
    <ClCompile Include="IO\ACPI.cpp">
      <Filter>Source\IO</Filter>
    </ClCompile>
    <ClCompile Include="IO\PCI.cpp">
      <Filter>Source\IO</Filter>
    </ClCompile>
  </ItemGroup>
  <ItemGroup>
    <ClInclude Include="headers\EFI.h">
      <Filter>Headers</Filter>
    </ClInclude>
    <ClInclude Include="headers\Structs.h">
      <Filter>Headers</Filter>
    </ClInclude>
    <ClInclude Include="headers\Types.h">
      <Filter>Headers</Filter>
    </ClInclude>
    <ClInclude Include="Headers\PrimitiveConsole.h">
      <Filter>Headers</Filter>
    </ClInclude>
    <ClInclude Include="Headers\Colors.h">
      <Filter>Headers</Filter>
    </ClInclude>
    <ClInclude Include="Headers\Direction.hpp">
      <Filter>Headers</Filter>
    </ClInclude>
    <ClInclude Include="Headers\Globals.h">
      <Filter>Headers</Filter>
    </ClInclude>
    <ClInclude Include="Headers\KernelUtils.h">
      <Filter>Headers</Filter>
    </ClInclude>
    <ClInclude Include="Headers\cstr.h">
      <Filter>Headers</Filter>
    </ClInclude>
    <ClInclude Include="Headers\BitMap.h">
      <Filter>Headers</Filter>
    </ClInclude>
    <ClInclude Include="Headers\Memory.h">
      <Filter>Headers\Memory</Filter>
    </ClInclude>
    <ClInclude Include="Headers\MemoryUtils.hpp">
      <Filter>Headers\Memory</Filter>
    </ClInclude>
    <ClInclude Include="Headers\Paging.h">
      <Filter>Headers\Memory\Paging</Filter>
    </ClInclude>
    <ClInclude Include="Headers\PageMapIndexer.h">
      <Filter>Headers\Memory\Paging</Filter>
    </ClInclude>
    <ClInclude Include="Headers\PageFrameAllocator.h">
      <Filter>Headers\Memory\Paging</Filter>
    </ClInclude>
    <ClInclude Include="Headers\PageTableManager.h">
      <Filter>Headers\Memory\Paging</Filter>
    </ClInclude>
    <ClInclude Include="Headers\GDT.h">
      <Filter>Headers\Interrupts</Filter>
    </ClInclude>
    <ClInclude Include="Headers\IDT.h">
      <Filter>Headers\Interrupts</Filter>
    </ClInclude>
    <ClInclude Include="Headers\Interrupts.h">
      <Filter>Headers\Interrupts</Filter>
    </ClInclude>
    <ClInclude Include="Headers\CPUIDCodes.h">
      <Filter>Headers</Filter>
    </ClInclude>
    <ClInclude Include="Headers\ACPI.h">
      <Filter>Headers\IO</Filter>
    </ClInclude>
    <ClInclude Include="Headers\PCI.h">
      <Filter>Headers\IO</Filter>
    </ClInclude>
  </ItemGroup>
  <ItemGroup>
    <None Include="Interrupts\GDT.asm">
      <Filter>Source\Interrupts</Filter>
    </None>
  </ItemGroup>
</Project>