<?xml version="1.0" encoding="utf-8"?>
<Project ToolsVersion="4.0" xmlns="http://schemas.microsoft.com/developer/msbuild/2003">
  <ItemGroup>
    <Filter Include="Headers">
      <UniqueIdentifier>{93995380-89BD-4b04-88EB-625FBE52EBFB}</UniqueIdentifier>
      <Extensions>h;hh;hpp;hxx;hm;inl;inc;xsd</Extensions>
    </Filter>
    <Filter Include="Headers\Memory">
      <UniqueIdentifier>{3c090064-7fef-4e3e-b6e4-94111dbc0a03}</UniqueIdentifier>
    </Filter>
    <Filter Include="Headers\Memory\Paging">
      <UniqueIdentifier>{236fa8ba-f8ec-40d5-a3b0-f0f0315f3d70}</UniqueIdentifier>
    </Filter>
    <Filter Include="Headers\Interrupts">
      <UniqueIdentifier>{690937da-a9e8-4f47-8b11-e139f6c4c571}</UniqueIdentifier>
    </Filter>
    <Filter Include="Source">
      <UniqueIdentifier>{4FC737F1-C7A5-4376-A066-2A32D752A2FF}</UniqueIdentifier>
      <Extensions>cpp;c;cc;cxx;def;odl;idl;hpj;bat;asm;asmx</Extensions>
    </Filter>
    <Filter Include="Source\Memory">
      <UniqueIdentifier>{2036a91e-7205-434b-8d53-3949faa2926c}</UniqueIdentifier>
    </Filter>
    <Filter Include="Source\Memory\Paging">
      <UniqueIdentifier>{b25d0253-53ce-4043-b07f-e4213dc375c9}</UniqueIdentifier>
    </Filter>
    <Filter Include="Source\Interrupts">
      <UniqueIdentifier>{c41e4361-48a1-4ec1-9253-7972dacc248a}</UniqueIdentifier>
    </Filter>
    <Filter Include="Headers\IO">
      <UniqueIdentifier>{245ff149-cabd-4403-a29c-00195695ebfc}</UniqueIdentifier>
    </Filter>
    <Filter Include="Source\IO">
      <UniqueIdentifier>{be3968fc-8d92-4ef5-b3cd-61c775d2b629}</UniqueIdentifier>
    </Filter>
    <Filter Include="Headers\Timers">
      <UniqueIdentifier>{2100c565-72de-43b0-a48c-791d5fc2255a}</UniqueIdentifier>
    </Filter>
    <Filter Include="Source\Timers">
      <UniqueIdentifier>{d5b73245-a029-4b62-a3e4-570154a68010}</UniqueIdentifier>
    </Filter>
    <Filter Include="Headers\Audio">
      <UniqueIdentifier>{e6af3bec-68c1-4a0d-84ef-f10df28c46a2}</UniqueIdentifier>
    </Filter>
    <Filter Include="Source\Audio">
      <UniqueIdentifier>{2be688f6-263e-45c3-bf79-73d5a164e602}</UniqueIdentifier>
    </Filter>
    <Filter Include="Source\Synchronization">
      <UniqueIdentifier>{53dff4eb-7433-4f92-afa9-3a125c026a6a}</UniqueIdentifier>
    </Filter>
    <Filter Include="Headers\Synchronization">
      <UniqueIdentifier>{0ca32322-95e9-42ee-907d-10dbeb0cc385}</UniqueIdentifier>
    </Filter>
    <Filter Include="Source\Scheduling">
      <UniqueIdentifier>{bc3f4fa1-a4e2-4843-a764-e5b10475f5a1}</UniqueIdentifier>
    </Filter>
    <Filter Include="Headers\Scheduling">
      <UniqueIdentifier>{c24116a6-ad83-4eb1-a843-df9617218935}</UniqueIdentifier>
    </Filter>
    <Filter Include="Headers\Hardware">
      <UniqueIdentifier>{da96d153-5349-406d-8252-e6ba951a75fa}</UniqueIdentifier>
    </Filter>
    <Filter Include="Source\Hardware">
      <UniqueIdentifier>{f361a077-fd15-46b8-a809-392158a5e844}</UniqueIdentifier>
    </Filter>
  </ItemGroup>
  <ItemGroup>
    <ClCompile Include="KernelUtils.cpp">
      <Filter>Source</Filter>
    </ClCompile>
    <ClCompile Include="PrimitiveConsole.cpp">
      <Filter>Source</Filter>
    </ClCompile>
    <ClCompile Include="Globals.cpp">
      <Filter>Source</Filter>
    </ClCompile>
    <ClCompile Include="EFI.cpp">
      <Filter>Source</Filter>
    </ClCompile>
    <ClCompile Include="cstr.cpp">
      <Filter>Source</Filter>
    </ClCompile>
    <ClCompile Include="Main.cpp">
      <Filter>Source</Filter>
    </ClCompile>
    <ClCompile Include="BitMap.cpp">
      <Filter>Source</Filter>
    </ClCompile>
    <ClCompile Include="Memory\Memory.cpp">
      <Filter>Source\Memory</Filter>
    </ClCompile>
    <ClCompile Include="Memory\PageFrameAllocator.cpp">
      <Filter>Source\Memory\Paging</Filter>
    </ClCompile>
    <ClCompile Include="Memory\PageMapIndexer.cpp">
      <Filter>Source\Memory\Paging</Filter>
    </ClCompile>
    <ClCompile Include="Memory\PageTableManager.cpp">
      <Filter>Source\Memory\Paging</Filter>
    </ClCompile>
    <ClCompile Include="Interrupts\IDT.cpp">
      <Filter>Source\Interrupts</Filter>
    </ClCompile>
    <ClCompile Include="Interrupts\Interrupts.cpp">
      <Filter>Source\Interrupts</Filter>
    </ClCompile>
    <ClCompile Include="IO\ACPI.cpp">
      <Filter>Source\IO</Filter>
    </ClCompile>
    <ClCompile Include="IO\PCI.cpp">
      <Filter>Source\IO</Filter>
    </ClCompile>
    <ClCompile Include="Interrupts\APIC.cpp">
      <Filter>Source\Interrupts</Filter>
    </ClCompile>
    <ClCompile Include="IO\IOBus.cpp">
      <Filter>Source\IO</Filter>
    </ClCompile>
    <ClCompile Include="Interrupts\PIC.cpp">
      <Filter>Source\Interrupts</Filter>
    </ClCompile>
    <ClCompile Include="Interrupts\IOAPIC.cpp">
      <Filter>Source\Interrupts</Filter>
    </ClCompile>
    <ClCompile Include="Interrupts\LocalAPIC.cpp">
      <Filter>Source\Interrupts</Filter>
    </ClCompile>
    <ClCompile Include="string.cpp">
      <Filter>Source</Filter>
    </ClCompile>
    <ClCompile Include="Timers\PIT.cpp">
      <Filter>Source\Timers</Filter>
    </ClCompile>
    <ClCompile Include="Timers\RTC.cpp">
      <Filter>Source\Timers</Filter>
    </ClCompile>
    <ClCompile Include="Audio\Speaker.cpp">
      <Filter>Source\Audio</Filter>
    </ClCompile>
    <ClCompile Include="IO\Keyboard.cpp">
      <Filter>Source\IO</Filter>
    </ClCompile>
    <ClCompile Include="IO\XHCI.cpp">
      <Filter>Source\IO</Filter>
    </ClCompile>
    <ClCompile Include="Scheduling\Scheduling.cpp">
      <Filter>Source\Scheduling</Filter>
    </ClCompile>
    <ClCompile Include="Memory\List.cpp">
      <Filter>Source\Memory</Filter>
    </ClCompile>
    <ClCompile Include="icxxabi.cpp">
      <Filter>Source</Filter>
    </ClCompile>
    <ClCompile Include="Hardware\CPU.cpp">
      <Filter>Source\Hardware</Filter>
    </ClCompile>
  </ItemGroup>
  <ItemGroup>
    <ClInclude Include="headers\EFI.h">
      <Filter>Headers</Filter>
    </ClInclude>
    <ClInclude Include="headers\Structs.h">
      <Filter>Headers</Filter>
    </ClInclude>
    <ClInclude Include="headers\Types.h">
      <Filter>Headers</Filter>
    </ClInclude>
    <ClInclude Include="Headers\PrimitiveConsole.h">
      <Filter>Headers</Filter>
    </ClInclude>
    <ClInclude Include="Headers\Colors.h">
      <Filter>Headers</Filter>
    </ClInclude>
    <ClInclude Include="Headers\Globals.h">
      <Filter>Headers</Filter>
    </ClInclude>
    <ClInclude Include="Headers\KernelUtils.h">
      <Filter>Headers</Filter>
    </ClInclude>
    <ClInclude Include="Headers\cstr.h">
      <Filter>Headers</Filter>
    </ClInclude>
    <ClInclude Include="Headers\BitMap.h">
      <Filter>Headers</Filter>
    </ClInclude>
    <ClInclude Include="Headers\Memory.h">
      <Filter>Headers\Memory</Filter>
    </ClInclude>
    <ClInclude Include="Headers\Paging.h">
      <Filter>Headers\Memory\Paging</Filter>
    </ClInclude>
    <ClInclude Include="Headers\PageMapIndexer.h">
      <Filter>Headers\Memory\Paging</Filter>
    </ClInclude>
    <ClInclude Include="Headers\PageFrameAllocator.h">
      <Filter>Headers\Memory\Paging</Filter>
    </ClInclude>
    <ClInclude Include="Headers\PageTableManager.h">
      <Filter>Headers\Memory\Paging</Filter>
    </ClInclude>
    <ClInclude Include="Headers\GDT.h">
      <Filter>Headers\Interrupts</Filter>
    </ClInclude>
    <ClInclude Include="Headers\IDT.h">
      <Filter>Headers\Interrupts</Filter>
    </ClInclude>
    <ClInclude Include="Headers\Interrupts.h">
      <Filter>Headers\Interrupts</Filter>
    </ClInclude>
    <ClInclude Include="Headers\ACPI.h">
      <Filter>Headers\IO</Filter>
    </ClInclude>
    <ClInclude Include="Headers\PCI.h">
      <Filter>Headers\IO</Filter>
    </ClInclude>
    <ClInclude Include="Headers\APIC.h">
      <Filter>Headers\Interrupts</Filter>
    </ClInclude>
    <ClInclude Include="Headers\IOBus.hpp">
      <Filter>Headers\IO</Filter>
    </ClInclude>
    <ClInclude Include="Headers\PIC.hpp">
      <Filter>Headers\Interrupts</Filter>
    </ClInclude>
    <ClInclude Include="Headers\IOAPIC.h">
      <Filter>Headers\Interrupts</Filter>
    </ClInclude>
    <ClInclude Include="Headers\APICStructs.h">
      <Filter>Headers\Interrupts</Filter>
    </ClInclude>
    <ClInclude Include="Headers\LocalAPIC.h">
      <Filter>Headers\Interrupts</Filter>
    </ClInclude>
    <ClInclude Include="Headers\string.h">
      <Filter>Headers</Filter>
    </ClInclude>
    <ClInclude Include="Headers\PIT.h">
      <Filter>Headers\Timers</Filter>
    </ClInclude>
    <ClInclude Include="Headers\RTC.h">
      <Filter>Headers\Timers</Filter>
    </ClInclude>
    <ClInclude Include="Headers\Speaker.h">
      <Filter>Headers\Audio</Filter>
    </ClInclude>
    <ClInclude Include="Headers\Keyboard.h">
      <Filter>Headers\IO</Filter>
    </ClInclude>
    <ClInclude Include="Headers\asmUtils.h">
      <Filter>Headers</Filter>
    </ClInclude>
    <ClInclude Include="Headers\AHCI.hpp">
      <Filter>Headers\IO</Filter>
    </ClInclude>
    <ClInclude Include="Headers\Direction.h">
      <Filter>Headers</Filter>
    </ClInclude>
    <ClInclude Include="Headers\MMIO.hpp">
      <Filter>Headers\IO</Filter>
    </ClInclude>
    <ClInclude Include="Headers\XHCI.h">
      <Filter>Headers\IO</Filter>
    </ClInclude>
    <ClInclude Include="Headers\Synchronization.hpp">
      <Filter>Headers\Synchronization</Filter>
    </ClInclude>
    <ClInclude Include="Headers\Scheduling.h">
      <Filter>Headers\Scheduling</Filter>
    </ClInclude>
    <ClInclude Include="Headers\List.h">
      <Filter>Headers\Memory</Filter>
    </ClInclude>
    <ClInclude Include="Headers\CPU.h">
      <Filter>Headers\Hardware</Filter>
    </ClInclude>
    <ClInclude Include="Headers\icxxabi.h">
      <Filter>Headers</Filter>
    </ClInclude>
  </ItemGroup>
  <ItemGroup>
    <None Include="Interrupts\GDT.asm">
      <Filter>Source\Interrupts</Filter>
    </None>
    <None Include="..\kernel.ld" />
    <None Include="..\Makefile" />
    <None Include="string.asm">
      <Filter>Source</Filter>
    </None>
    <None Include="asmUtils.asm">
      <Filter>Source</Filter>
    </None>
    <None Include="Interrupts\Interrupts.asm">
      <Filter>Source\Interrupts</Filter>
    </None>
    <None Include="Interrupts\Handlers.asm">
      <Filter>Source\Interrupts</Filter>
    </None>
    <None Include="Synchronization\Synchronization.asm">
      <Filter>Source\Synchronization</Filter>
    </None>
    <None Include="Hardware\CPU.asm">
      <Filter>Source\Hardware</Filter>
    </None>
  </ItemGroup>
  <ItemGroup>
    <Text Include="..\stuff for apic.txt" />
    <Text Include="..\how-to-convert-image-to-compat-raw.txt" />
  </ItemGroup>
</Project>